
Microsoft Visual Studio Solution File, Format Version 12.00
# Visual Studio Version 17
VisualStudioVersion = 17.12.35707.178 d17.12
MinimumVisualStudioVersion = 10.0.40219.1
Project("{2150E333-8FDC-42A3-9474-1A3956D46DE8}") = "Core", "Core", "{32EFB332-CEAB-4DB1-B839-150ADD40068B}"
EndProject
Project("{2150E333-8FDC-42A3-9474-1A3956D46DE8}") = "Frontends", "Frontends", "{B95E5351-E2EF-4707-8703-C1D9BFE93A56}"
EndProject
Project("{2150E333-8FDC-42A3-9474-1A3956D46DE8}") = "Infrastructure", "Infrastructure", "{69F24849-58B4-4C9A-80E1-402CAB6FD2A0}"
EndProject
Project("{2150E333-8FDC-42A3-9474-1A3956D46DE8}") = "Presantation", "Presantation", "{9466056E-73B5-49E3-B9F1-4659B69296FC}"
EndProject
Project("{2150E333-8FDC-42A3-9474-1A3956D46DE8}") = "Requirements", "Requirements", "{EB054A16-E893-4473-9CA3-CB10AA643427}"
EndProject
Project("{FAE04EC0-301F-11D3-BF4B-00C04F79EFBC}") = "MovieApi.Domain", "Core\MovieApi.Domain\MovieApi.Domain.csproj", "{9D3735FB-A919-4B94-89B8-8AEAF98B4DB6}"
EndProject
Global
	GlobalSection(SolutionConfigurationPlatforms) = preSolution
		Debug|Any CPU = Debug|Any CPU
		Release|Any CPU = Release|Any CPU
	EndGlobalSection
	GlobalSection(ProjectConfigurationPlatforms) = postSolution
		{9D3735FB-A919-4B94-89B8-8AEAF98B4DB6}.Debug|Any CPU.ActiveCfg = Debug|Any CPU
		{9D3735FB-A919-4B94-89B8-8AEAF98B4DB6}.Debug|Any CPU.Build.0 = Debug|Any CPU
		{9D3735FB-A919-4B94-89B8-8AEAF98B4DB6}.Release|Any CPU.ActiveCfg = Release|Any CPU
		{9D3735FB-A919-4B94-89B8-8AEAF98B4DB6}.Release|Any CPU.Build.0 = Release|Any CPU
	EndGlobalSection
	GlobalSection(SolutionProperties) = preSolution
		HideSolutionNode = FALSE
	EndGlobalSection
	GlobalSection(NestedProjects) = preSolution
		{9D3735FB-A919-4B94-89B8-8AEAF98B4DB6} = {32EFB332-CEAB-4DB1-B839-150ADD40068B}
	EndGlobalSection
EndGlobal
